
Microsoft Visual Studio Solution File, Format Version 12.00
# Visual Studio Version 17
VisualStudioVersion = 17.6.33815.320
MinimumVisualStudioVersion = 10.0.40219.1
Project("{9A19103F-16F7-4668-BE54-9A1E7A4F7556}") = "LC Abyss Injector", "main\LC Abyss Injector.csproj", "{F839DD83-C73C-4677-AD2E-54CA2645F7CE}"
EndProject
Global
	GlobalSection(SolutionConfigurationPlatforms) = preSolution
		Debug|Any CPU = Debug|Any CPU
		Debug|x64 = Debug|x64
		Release|Any CPU = Release|Any CPU
		Release|x64 = Release|x64
	EndGlobalSection
	GlobalSection(ProjectConfigurationPlatforms) = postSolution
		{F839DD83-C73C-4677-AD2E-54CA2645F7CE}.Debug|Any CPU.ActiveCfg = Debug|Any CPU
		{F839DD83-C73C-4677-AD2E-54CA2645F7CE}.Debug|Any CPU.Build.0 = Debug|Any CPU
		{F839DD83-C73C-4677-AD2E-54CA2645F7CE}.Debug|x64.ActiveCfg = Debug|x64
		{F839DD83-C73C-4677-AD2E-54CA2645F7CE}.Debug|x64.Build.0 = Debug|x64
		{F839DD83-C73C-4677-AD2E-54CA2645F7CE}.Release|Any CPU.ActiveCfg = Release|Any CPU
		{F839DD83-C73C-4677-AD2E-54CA2645F7CE}.Release|Any CPU.Build.0 = Release|Any CPU
		{F839DD83-C73C-4677-AD2E-54CA2645F7CE}.Release|x64.ActiveCfg = Release|x64
		{F839DD83-C73C-4677-AD2E-54CA2645F7CE}.Release|x64.Build.0 = Release|x64
	EndGlobalSection
	GlobalSection(SolutionProperties) = preSolution
		HideSolutionNode = FALSE
	EndGlobalSection
	GlobalSection(ExtensibilityGlobals) = postSolution
		SolutionGuid = {EAEF873C-EA03-441C-93A1-972235CB5B49}
	EndGlobalSection
EndGlobal
